{
  "name": "staybrave",
  "version": "1.0.0",
  "lockfileVersion": 3,
  "requires": true,
  "packages": {
    "": {
      "name": "staybrave",
      "version": "1.0.0",
      "license": "ISC",
      "dependencies": {
        "@gorhill/ubo-core": "^0.1.30",
        "tldts": "^7.4.11"
      }
    },
    "node_modules/@gorhill/ubo-core": {
      "version": "0.1.30",
      "resolved": "https://registry.npmjs.org/@gorhill/ubo-core/-/ubo-core-0.1.30.tgz",
      "integrity": "sha512-0QtDqjP7r7bQbiLO67ojEYkoaOyWeYy6heCOfkpygUfpYf/+iRfgM+ceCXSOsPXpNLgZg3aKqlD4LTxBw6WjNw==",
      "license": "GPL-3.0-or-later",
      "engines": {
        "node": ">=18.0.0",
        "npm": ">=6.14.4"
      }
    },
    "node_modules/tldts": {
      "version": "7.4.11",
      "resolved": "https://registry.npmjs.org/tldts/-/tldts-7.4.11.tgz",
      "integrity": "sha512-aBiNayCfTQxuIJBm06M+xR14cYaYlDlSXZbgsnKzKNxDKUVq7KFwTjwBSsb7m9Y5xO8WfPnBc63WaYFMTGlvqw==",
      "license": "MIT",
      "dependencies": {
        "tldts-core": "^7.4.11"
      },
      "bin": {
        "tldts": "bin/cli.js"
      }
    },
    "node_modules/tldts-core": {
      "version": "7.4.11",
      "resolved": "https://registry.npmjs.org/tldts-core/-/tldts-core-7.4.11.tgz",
      "integrity": "sha512-CW3WN2rIIE/Of21mulhgnGOwoDyEFNygyIBOONSdyAuSATgMMUCpLeUlB+E8sAwA5xRV9hYPl+kyZ9citHCaKg==",
      "license": "MIT"
    }
  }
}
