{
  "name": "staybrave-classic",
  "version": "0.2.0",
  "lockfileVersion": 3,
  "requires": true,
  "packages": {
    "": {
      "name": "staybrave-classic",
      "version": "0.2.0",
      "license": "MPL-2.0",
      "dependencies": {
        "@gorhill/ubo-core": "^0.1.30",
        "tldts": "^6.1.0"
      },
      "bin": {
        "staybrave": "src/main.js"
      },
      "engines": {
        "node": ">=20.0.0"
      }
    },
    "node_modules/@gorhill/ubo-core": {
      "version": "0.1.30",
      "resolved": "https://registry.npmjs.org/@gorhill/ubo-core/-/ubo-core-0.1.30.tgz",
      "integrity": "sha512-0QtDqjP7r7bQbiLO67ojEYkoaOyWeYy6heCOfkpygUfpYf/+iRfgM+ceCXSOsPXpNLgZg3aKqlD4LTxBw6WjNw==",
      "license": "GPL-3.0-or-later",
      "engines": {
        "node": ">=18.0.0",
        "npm": ">=6.14.4"
      }
    },
    "node_modules/tldts": {
      "version": "6.1.86",
      "resolved": "https://registry.npmjs.org/tldts/-/tldts-6.1.86.tgz",
      "integrity": "sha512-WMi/OQ2axVTf/ykqCQgXiIct+mSQDFdH2fkwhPwgEwvJ1kSzZRiinb0zF2Xb8u4+OqPChmyI6MEu4EezNJz+FQ==",
      "license": "MIT",
      "dependencies": {
        "tldts-core": "^6.1.86"
      },
      "bin": {
        "tldts": "bin/cli.js"
      }
    },
    "node_modules/tldts-core": {
      "version": "6.1.86",
      "resolved": "https://registry.npmjs.org/tldts-core/-/tldts-core-6.1.86.tgz",
      "integrity": "sha512-Je6p7pkk+KMzMv2XXKmAE3McmolOQFdxkKw0R8EYNr7sELW46JqnNeTX8ybPiQgvg1ymCoF8LXs5fzFaZvJPTA==",
      "license": "MIT"
    }
  }
}
